{
  "name": "wtvr-dialog-box",
  "version": "1.0.0",
  "lockfileVersion": 1,
  "requires": true,
  "dependencies": {
    "wtvr-cli": {
      "version": "git+https://github.com/wtvr-engine/wtvr-cli.git#9b895b4ad102eec7a5e131edbc0bfe5d25d35099",
      "from": "git+https://github.com/wtvr-engine/wtvr-cli.git"
    },
    "wtvr-element": {
      "version": "git+https://github.com/wtvr-engine/wtvr-element.git#fd753e3da256bc2ac7e6d24b57f8a66c8b8a9775",
      "from": "git+https://github.com/wtvr-engine/wtvr-element.git"
    },
    "wtvr-expressive-text": {
      "version": "git+https://github.com/wtvr-engine/wtvr-expressive-text.git#bf1fec106340d24d04a90e8d05c1d67fef18047a",
      "from": "git+https://github.com/wtvr-engine/wtvr-expressive-text.git",
      "requires": {
        "wtvr-cli": "git+https://github.com/wtvr-engine/wtvr-cli.git",
        "wtvr-element": "git+https://github.com/wtvr-engine/wtvr-element.git"
      }
    }
  }
}
