{
  "name": "wtvr-dialog-box",
  "version": "1.0.0",
  "lockfileVersion": 1,
  "requires": true,
  "dependencies": {
    "wtvr-element": {
      "version": "git+https://github.com/wtvr-engine/wtvr-element.git#59ab3b4e2e3f5f8bfd653efde6141f9dcabee668",
      "from": "git+https://github.com/wtvr-engine/wtvr-element.git"
    },
    "wtvr-expressive-text": {
      "version": "git+https://github.com/wtvr-engine/wtvr-expressive-text.git#95d01d2e933cfed26d15c63c43565b40b7a0de6c",
      "from": "git+https://github.com/wtvr-engine/wtvr-expressive-text.git",
      "requires": {
        "wtvr-element": "git+https://github.com/wtvr-engine/wtvr-element.git"
      }
    }
  }
}
